
Microsoft Visual Studio Solution File, Format Version 12.00
# Visual Studio 15
Project("{FAE04EC0-301F-11D3-BF4B-00C04F79EFBC}") = "Assembly-CSharp", "Assembly-CSharp.csproj", "{4219326F-7AB7-C2A0-E658-A76CF0854F3D}"
EndProject
Project("{FAE04EC0-301F-11D3-BF4B-00C04F79EFBC}") = "Assembly-CSharp-Editor", "Assembly-CSharp-Editor.csproj", "{52FCA609-1381-9532-6230-D7F344F157D0}"
EndProject
Global
	GlobalSection(SolutionConfigurationPlatforms) = preSolution
		Debug|Any CPU = Debug|Any CPU
		Release|Any CPU = Release|Any CPU
	EndGlobalSection
	GlobalSection(ProjectConfigurationPlatforms) = postSolution
		{4219326F-7AB7-C2A0-E658-A76CF0854F3D}.Debug|Any CPU.ActiveCfg = Debug|Any CPU
		{4219326F-7AB7-C2A0-E658-A76CF0854F3D}.Debug|Any CPU.Build.0 = Debug|Any CPU
		{4219326F-7AB7-C2A0-E658-A76CF0854F3D}.Release|Any CPU.ActiveCfg = Release|Any CPU
		{4219326F-7AB7-C2A0-E658-A76CF0854F3D}.Release|Any CPU.Build.0 = Release|Any CPU
		{52FCA609-1381-9532-6230-D7F344F157D0}.Debug|Any CPU.ActiveCfg = Debug|Any CPU
		{52FCA609-1381-9532-6230-D7F344F157D0}.Debug|Any CPU.Build.0 = Debug|Any CPU
		{52FCA609-1381-9532-6230-D7F344F157D0}.Release|Any CPU.ActiveCfg = Release|Any CPU
		{52FCA609-1381-9532-6230-D7F344F157D0}.Release|Any CPU.Build.0 = Release|Any CPU
	EndGlobalSection
	GlobalSection(SolutionProperties) = preSolution
		HideSolutionNode = FALSE
	EndGlobalSection
EndGlobal
